Microsoft Visual Studio Solution File, Format Version 12.00
# Visual Studio Version 17
VisualStudioVersion = 17.5.2.0
MinimumVisualStudioVersion = 10.0.40219.1
Project("{FAE04EC0-301F-11D3-BF4B-00C04F79EFBC}") = "AdvancedProgrammingTechniquesLab2", "AdvancedProgrammingTechniquesLab2.csproj", "{D01C379D-61AB-34F7-0F05-2E800AD19511}"
EndProject
Global
	GlobalSection(SolutionConfigurationPlatforms) = preSolution
		Debug|Any CPU = Debug|Any CPU
		Release|Any CPU = Release|Any CPU
	EndGlobalSection
	GlobalSection(ProjectConfigurationPlatforms) = postSolution
		{D01C379D-61AB-34F7-0F05-2E800AD19511}.Debug|Any CPU.ActiveCfg = Debug|Any CPU
		{D01C379D-61AB-34F7-0F05-2E800AD19511}.Debug|Any CPU.Build.0 = Debug|Any CPU
		{D01C379D-61AB-34F7-0F05-2E800AD19511}.Release|Any CPU.ActiveCfg = Release|Any CPU
		{D01C379D-61AB-34F7-0F05-2E800AD19511}.Release|Any CPU.Build.0 = Release|Any CPU
	EndGlobalSection
	GlobalSection(SolutionProperties) = preSolution
		HideSolutionNode = FALSE
	EndGlobalSection
	GlobalSection(ExtensibilityGlobals) = postSolution
		SolutionGuid = {11B877F6-0513-401C-8495-E3D35212F9EA}
	EndGlobalSection
EndGlobal
